
Microsoft Visual Studio Solution File, Format Version 12.00
# Visual Studio Version 16
VisualStudioVersion = 16.0.31005.135
MinimumVisualStudioVersion = 10.0.40219.1
Project("{9A19103F-16F7-4668-BE54-9A1E7A4F7556}") = "turbocalc", "turbocalc\turbocalc.csproj", "{2BF321A2-C3CC-4B1D-ADF2-D8F433AFED6D}"
EndProject
Project("{FAE04EC0-301F-11D3-BF4B-00C04F79EFBC}") = "CalculatorTests", "CalculatorTests\CalculatorTests.csproj", "{8C15CAF6-F0D2-4664-81D1-10328BE4B05B}"
EndProject
Global
	GlobalSection(SolutionConfigurationPlatforms) = preSolution
		Debug|Any CPU = Debug|Any CPU
		Release|Any CPU = Release|Any CPU
	EndGlobalSection
	GlobalSection(ProjectConfigurationPlatforms) = postSolution
		{2BF321A2-C3CC-4B1D-ADF2-D8F433AFED6D}.Debug|Any CPU.ActiveCfg = Debug|Any CPU
		{2BF321A2-C3CC-4B1D-ADF2-D8F433AFED6D}.Debug|Any CPU.Build.0 = Debug|Any CPU
		{2BF321A2-C3CC-4B1D-ADF2-D8F433AFED6D}.Release|Any CPU.ActiveCfg = Release|Any CPU
		{2BF321A2-C3CC-4B1D-ADF2-D8F433AFED6D}.Release|Any CPU.Build.0 = Release|Any CPU
		{8C15CAF6-F0D2-4664-81D1-10328BE4B05B}.Debug|Any CPU.ActiveCfg = Debug|Any CPU
		{8C15CAF6-F0D2-4664-81D1-10328BE4B05B}.Debug|Any CPU.Build.0 = Debug|Any CPU
		{8C15CAF6-F0D2-4664-81D1-10328BE4B05B}.Release|Any CPU.ActiveCfg = Release|Any CPU
		{8C15CAF6-F0D2-4664-81D1-10328BE4B05B}.Release|Any CPU.Build.0 = Release|Any CPU
	EndGlobalSection
	GlobalSection(SolutionProperties) = preSolution
		HideSolutionNode = FALSE
	EndGlobalSection
	GlobalSection(ExtensibilityGlobals) = postSolution
		SolutionGuid = {6AA80CD3-1025-435C-85C6-7B7CD1A88A33}
	EndGlobalSection
EndGlobal
